{
  "lockfileVersion": 2,
  "configVersion": 1,
  "workspaces": {
    "": {
      "dependencies": {
        "@prisma/orm-family-sql": "8.0.0-rc.14",
        "@prisma/orm-framework": "8.0.0-rc.14",
        "@prisma/orm-toolchain": "8.0.0-rc.14",
        "@standard-schema/spec": "^1.1.0",
      },
      "devDependencies": {
        "@prisma/orm-target-postgres": "8.0.0-rc.14",
        "@types/bun": "latest",
        "@types/node": "^24.0.0",
        "tsdown": "^0.22.8",
        "typescript": "5.9.3",
      },
      "peerDependencies": {
        "@prisma/orm-target-postgres": "8.0.0-rc.14",
        "typescript": ">=5.9",
      },
      "optionalPeers": [
        "typescript",
      ],
    },
  },
  "packages": {
    "@ark/schema": ["@ark/schema@0.56.5", "", { "dependencies": { "@ark/util": "0.56.5" } }, "sha512-ZSh8eGK1Z7LNHPZe0b1Q2XuV1mgznv6dpRmerzUmkfnDQ99GK9xYfxquyuG6a/32IsbpC45G+NELCaIQn+NJgQ=="],

    "@ark/util": ["@ark/util@0.56.5", "", {}, "sha512-Klxtj2QlkLnl5tdaUUtLHqRHdmQNUsuJelkAj/vyIK6crz/xT0kbUvF2sIf+fIDkhit80OGf/1lBmmDn1bBWpw=="],

    "@clack/core": ["@clack/core@1.4.0", "", { "dependencies": { "fast-wrap-ansi": "^0.2.0", "sisteransi": "^1.0.5" } }, "sha512-7Wctjq6f7c1CPz8sPpkwUnz8yRgVANkpNupb81q432FjcJg4l+Sw7XANdNSdWfAKq0IHI0JTcUeK5dxs/HrGPw=="],

    "@clack/prompts": ["@clack/prompts@1.5.0", "", { "dependencies": { "@clack/core": "1.4.0", "fast-string-width": "^3.0.2", "fast-wrap-ansi": "^0.2.0", "sisteransi": "^1.0.5" } }, "sha512-wKh+wTjmrUoUdkZg8KpJO5X+p9PWV+KE9mePseq9UYWkukgTKsGS47RRL2HstwVcvDQH+PenrPJWII8+MfiiyA=="],

    "@esbuild/aix-ppc64": ["@esbuild/aix-ppc64@0.28.2", "", { "os": "aix", "cpu": "ppc64" }, "sha512-XExcO+dvLKvVtNTibSTBej1NCAbaGhWn9Ww1ZPx80qsahhPFe/8jgWP0IchNe0F3HwkU7n8ejhH8bjonqht8mQ=="],

    "@esbuild/android-arm": ["@esbuild/android-arm@0.28.2", "", { "os": "android", "cpu": "arm" }, "sha512-kXXoiPVVGQcnIYGOeaovwOURpniDBpSq4A03qkQ+BMQqtGG6HYap3xne9C1O1yo4TR3qxlCX5IqqmX6fFo2Lqg=="],

    "@esbuild/android-arm64": ["@esbuild/android-arm64@0.28.2", "", { "os": "android", "cpu": "arm64" }, "sha512-5YfKeeI8qWfBZIX+u2xZC3Zlb3Os/gLS2sbEKM+I4ZOcsWmHS2WLysCcQZDAFRslDUU5Oiq44gf6PYN1vGwG5A=="],

    "@esbuild/android-x64": ["@esbuild/android-x64@0.28.2", "", { "os": "android", "cpu": "x64" }, "sha512-O387ite7SzUyCcy3JQX4P4bLtEA7bLLkx+esve5JHnyYfNTxcVpXZo9jhdB0lTKN44gztELTdU7nS8Nr16Fs1Q=="],

    "@esbuild/darwin-arm64": ["@esbuild/darwin-arm64@0.28.2", "", { "os": "darwin", "cpu": "arm64" }, "sha512-n4KqkOQrraxHJcgjM1RvwbigfQKIKJVpM7xp+KsxiyUSrRdIXnt73VhrPAx0fV44hgfmIVKjxMN9J1t5jySVkw=="],

    "@esbuild/darwin-x64": ["@esbuild/darwin-x64@0.28.2", "", { "os": "darwin", "cpu": "x64" }, "sha512-uq6suIWYP37qzGddBKPw5QEQPi6HiLGsO7UmkpfyaYNQ3D+rN6w6WfwH+nuqcGXWvawGwxOEroO4YGnFh95azw=="],

    "@esbuild/freebsd-arm64": ["@esbuild/freebsd-arm64@0.28.2", "", { "os": "freebsd", "cpu": "arm64" }, "sha512-n+I0BTSRIoy+d6RPKnEVwql5UwBJolytvY4mAOIEJorKlqgPII8ix6slVVrfZ5Tnj7glIZvloylbB/EJPMWEXw=="],

    "@esbuild/freebsd-x64": ["@esbuild/freebsd-x64@0.28.2", "", { "os": "freebsd", "cpu": "x64" }, "sha512-78XJTJkvPs0kz2w61301PJjXl4g7q3JqiYMZ/M/yVI73EHBrCRTgkhu9oqG7vPqq+a/yadEW8aD+agKlk5xrmg=="],

    "@esbuild/linux-arm": ["@esbuild/linux-arm@0.28.2", "", { "os": "linux", "cpu": "arm" }, "sha512-XlDnu2q5yoqems+xay6wSAcg9DDD7K9RLKZEBOMZm3ckNpJBvOX20tSfby8KfrrhINDyv9V2YVZKY/SpoGJI8w=="],

    "@esbuild/linux-arm64": ["@esbuild/linux-arm64@0.28.2", "", { "os": "linux", "cpu": "arm64" }, "sha512-pW4AC0P3it8c7do9MVM4p51FzHzdM/TZrerurgRcHJ2WTa1VQ1CIq18xncfpBJw4ojkiZZrKW2yIBWBP92j6Ug=="],

    "@esbuild/linux-ia32": ["@esbuild/linux-ia32@0.28.2", "", { "os": "linux", "cpu": "ia32" }, "sha512-CYbnj78HsIeA+DhgUKgFCfvNsTHFhMMrinUrMZpDXJXKN8T3XViTZ/+wtHeVxEWY8ewSzTFN+nRmSwO2tZaLUQ=="],

    "@esbuild/linux-loong64": ["@esbuild/linux-loong64@0.28.2", "", { "os": "linux", "cpu": "none" }, "sha512-buwkd8nsph4R+ajRvw0qM5Hja/TXQow3ptzWO2EbG/cqcIkHloRrdlBtQlshyYGTNFvfkfJ5tpPLVkY4DtsPfQ=="],

    "@esbuild/linux-mips64el": ["@esbuild/linux-mips64el@0.28.2", "", { "os": "linux", "cpu": "none" }, "sha512-ZVykbDyk7519VwiNb9Lcj9m8XM6v5V9uKPvrEMkkEedVewf+0itkhahp4HDpgERXhwLRpWFypsGbG/J8s0QjJA=="],

    "@esbuild/linux-ppc64": ["@esbuild/linux-ppc64@0.28.2", "", { "os": "linux", "cpu": "ppc64" }, "sha512-CAXl+Dtd9UUuJd8pKKdwh6MLm3MUMiqMPmhZ3tTSXPqfyQ3vDl6R5hZdZ/kYojK4ofXtdfSv1tFq8XzWx3heNQ=="],

    "@esbuild/linux-riscv64": ["@esbuild/linux-riscv64@0.28.2", "", { "os": "linux", "cpu": "none" }, "sha512-GeXCej4IQtU1B+QlDV8W/RRvbzI3O/Stss+/bCXv4lZls5WGRtu2a+3JkA3i4qIUlMXpcHebWpF8AkJhATowuA=="],

    "@esbuild/linux-s390x": ["@esbuild/linux-s390x@0.28.2", "", { "os": "linux", "cpu": "s390x" }, "sha512-3H1weTYZPxt/WOhByszQZybS9w5lKzUn1FDMsgEChbHWQwHYQQRfBxgCcZvPhjHfKyJjIievvMmEUawJrdY9Dg=="],

    "@esbuild/linux-x64": ["@esbuild/linux-x64@0.28.2", "", { "os": "linux", "cpu": "x64" }, "sha512-4xTZr1FUmSoQW4XIWmit3tzQrUTZM+N3P0XV8xROKYF50XfI7xeO90+1bZvNwxIufQ9hDQVRJH5YhgPVF8A/HQ=="],

    "@esbuild/netbsd-arm64": ["@esbuild/netbsd-arm64@0.28.2", "", { "os": "none", "cpu": "arm64" }, "sha512-sSATRjPeDBg3pdgHoQfoYBob11Kk1FGa9lui5RIHZCoCkJa9QKlvl3/vKz2usCmYYjs7ymJR/2Nnsqe+Hjt5nw=="],

    "@esbuild/netbsd-x64": ["@esbuild/netbsd-x64@0.28.2", "", { "os": "none", "cpu": "x64" }, "sha512-lqnzCV+mM0gIADaKihiCg6ifgfU2L3h5E33rNQBN1Y4MaVGnzryzmvvf7UHxprpQdE8hpqLolJ9Rl+SkIRDpyw=="],

    "@esbuild/openbsd-arm64": ["@esbuild/openbsd-arm64@0.28.2", "", { "os": "openbsd", "cpu": "arm64" }, "sha512-AL2qJILH7lNjrDmCQDvdxMfAUIv8KMNZOvrwAQ8i8//ntL9FflhOyMJ8OZSMBb8/AWXe3/5v5S20y3zCoZWKoQ=="],

    "@esbuild/openbsd-x64": ["@esbuild/openbsd-x64@0.28.2", "", { "os": "openbsd", "cpu": "x64" }, "sha512-QtiuPytchRyC4rwUKhexJdQKvDuZ6hWloi3igqPQNUJCS1/v9EiO3UTOXR6A3FoMo4fnAKbWJdqaIwhOzh8qEw=="],

    "@esbuild/openharmony-arm64": ["@esbuild/openharmony-arm64@0.28.2", "", { "os": "none", "cpu": "arm64" }, "sha512-WkhYDmpTjLvGlScA1rwjRUmhl4k8oXR3cIbtqWmELgU/dFeHHlEllxDvdWcNJV9rbzCexB5vz8gtNewWLgCT7Q=="],

    "@esbuild/sunos-x64": ["@esbuild/sunos-x64@0.28.2", "", { "os": "sunos", "cpu": "x64" }, "sha512-GPMSkTOtMnv2U2F8gxe4Io6qmVs+YKyp832Etqqxr0hFngmXQ3rzwytelm3GIn7T4VviRUlf3sOgBOiTdvaf7g=="],

    "@esbuild/win32-arm64": ["@esbuild/win32-arm64@0.28.2", "", { "os": "win32", "cpu": "arm64" }, "sha512-PIhhEkE9uPBleRBrQEJpUn7MBnibZzbGzYWPmY3x+YoVg/95zbjB4CxPPOQ8l5tYYM4mMaCthF8/1DIfBQQyWQ=="],

    "@esbuild/win32-ia32": ["@esbuild/win32-ia32@0.28.2", "", { "os": "win32", "cpu": "ia32" }, "sha512-YmJbfTlvU7Sdn9BB+4PRES4oB6pxgS37MAONj+hBr/cpXS1aBPKXxNnDbu+QCWPj0o9dgyxeq79g6c5P8KeuYA=="],

    "@esbuild/win32-x64": ["@esbuild/win32-x64@0.28.2", "", { "os": "win32", "cpu": "x64" }, "sha512-5ebpxr3nWMzrL/rnUI755Jkuee0bHL/Gq0WTF9lvcpv73wAp5eu8MfBUgWK9bhWvZjj7yX8etf/8tI8Ney695g=="],

    "@noble/hashes": ["@noble/hashes@2.4.0", "", {}, "sha512-X5XaVWZIBCT7HHZGm5I7ZQXDwLG+bGXuSrMQAW+7Zvl87h1kmc1ZB1VSRJcpUfoUrGQp4Fkoxm5kZ+Ms+aW+eA=="],

    "@oxc-project/types": ["@oxc-project/types@0.152.0", "", {}, "sha512-oM/5rLBm2tPkg0iBgkH/FOeR3PCDpY19GTgAZjMFM8h9WI9VW7cLgzp6nwtarYKmovavIQZ+Fe/RKX/8C8O/Rw=="],

    "@prisma/cli-engine": ["@prisma/cli-engine@0.6.2", "", { "dependencies": { "@clack/prompts": "1.5.0", "@stricli/core": "1.3.0", "arktype": "2.2.3", "c12": "3.3.4", "colorette": "^2.0.20", "package-manager-detector": "1.8.0", "string-width": "^8.2.1" }, "peerDependencies": { "@prisma/management-api-sdk": "^1.55.0" } }, "sha512-ZdZKMfDYitEgifpS0W60Q09Iu23S+OXQ+ErMI/6a1M6BvCsqpu0SCH4ox9gyGnxzUB1T1qq+k2CyCsbexhlwPw=="],

    "@prisma/management-api-sdk": ["@prisma/management-api-sdk@1.80.0", "", { "dependencies": { "openapi-fetch": "0.14.0" } }, "sha512-pQN6hBqR2pgaF3S5sMCe3iZIlThIOgUXoDcinB6/AxXO3qM6oWnirSUAJlhFQ/Hr5A2PmdxScOuCB1dJYHZ4KQ=="],

    "@prisma/orm-family-sql": ["@prisma/orm-family-sql@8.0.0-rc.14", "", { "dependencies": { "@prisma/orm-framework": "8.0.0-rc.14", "@prisma/orm-toolchain": "8.0.0-rc.14", "@standard-schema/spec": "^1.1.0", "arktype": "^2.2.2", "pathe": "^2.0.3", "pluralize": "^8.0.0", "tinyglobby": "^0.2.17", "ts-toolbelt": "^9.6.0" }, "peerDependencies": { "typescript": ">=5.9" }, "optionalPeers": ["typescript"] }, "sha512-oYSItczctZfsjSf4Y1U9CsyeCz/sY9QbO6Wikji6m6mVyg7FOSfP2uy+D0fGzJ0kGA/PczBRGiS1Avy9VeK6nw=="],

    "@prisma/orm-framework": ["@prisma/orm-framework@8.0.0-rc.14", "", { "dependencies": { "@standard-schema/spec": "^1.1.0", "arktype": "^2.2.2", "pathe": "^2.0.3", "tinyglobby": "^0.2.17", "uniku": "^0.5.0" }, "peerDependencies": { "typescript": ">=5.9" }, "optionalPeers": ["typescript"] }, "sha512-scZTv0UkLqHq0xM9c+YAgWI3cIeQvO1URoARpqNo40JrUG0QXH+QAfUBVvz196Im8RhKgjhQgYpvmF2fo5cY9Q=="],

    "@prisma/orm-target-postgres": ["@prisma/orm-target-postgres@8.0.0-rc.14", "", { "dependencies": { "@prisma/orm-family-sql": "8.0.0-rc.14", "@prisma/orm-framework": "8.0.0-rc.14", "@prisma/orm-toolchain": "8.0.0-rc.14", "@standard-schema/spec": "^1.1.0", "@types/node": "26.1.2", "@types/pg": "8.20.4", "arktype": "^2.2.2", "pathe": "^2.0.3", "pg": "8.22.0", "pg-cursor": "^2.21.0", "postgres-array": "2.0.0" }, "peerDependencies": { "temporal-polyfill": "^1.0.4", "typescript": ">=5.9" }, "optionalPeers": ["typescript"] }, "sha512-tbMH/260vo+kwjC/jqFlqGe51kQErzviHIs1ljeNBOWFwhmpBgBzcmd9WjgEaZvDWSuR01FFfpGXkMtkS6gYZQ=="],

    "@prisma/orm-toolchain": ["@prisma/orm-toolchain@8.0.0-rc.14", "", { "dependencies": { "@prisma/orm-framework": "8.0.0-rc.14", "@vercel/detect-agent": "^1.2.4", "arktype": "^2.2.2", "c12": "^3.3.4", "ci-info": "^4.3.1", "clipanion": "4.0.0-rc.4", "closest-match": "^1.3.3", "colorette": "^2.0.20", "esbuild": "^0.28.2", "jsonc-parser": "^3.3.1", "package-manager-detector": "^1.8.0", "pathe": "^2.0.3", "prettier": "^3.9.6", "string-width": "^8.2.2", "strip-ansi": "^7.2.0", "tinyglobby": "^0.2.17", "vscode-languageserver": "10.1.0", "vscode-languageserver-textdocument": "1.0.12", "wrap-ansi": "^10.0.0" }, "peerDependencies": { "@prisma/cli-engine": "0.6.2", "typescript": ">=5.9", "vite": "^7.0.0 || ^8.0.0" }, "optionalPeers": ["typescript", "vite"] }, "sha512-cXuGcDq6gyGWG4ci4B+bvoJehV4iOP0wfO9n3T7UUCr5TRdbl2JnCagLAWux8/f/h9RfLx2010jXXYHWBxBwqg=="],

    "@quansync/fs": ["@quansync/fs@1.1.0", "", { "dependencies": { "quansync": "^1.0.0" } }, "sha512-qAPG/t3HqML1TlN7sY/pTbEjzFVAKsMjNNMGheyDosro+kT4iw2KCUoHcVdmliwWjorm4elZbgNQyU2eD97eDg=="],

    "@rolldown/binding-android-arm-eabi": ["@rolldown/binding-android-arm-eabi@1.2.12", "", { "os": "android", "cpu": "arm" }, "sha512-dB/a1214qKfHMXCpgqR4OZT+jS4kTyEXbQGJPqzobt5EwH5rX080pxE37alt3RzvR1bf1Yz/yGqRfrYAxuPw0A=="],

    "@rolldown/binding-android-arm64": ["@rolldown/binding-android-arm64@1.2.12", "", { "os": "android", "cpu": "arm64" }, "sha512-7KHFgQ5VJxIHcLlrwrc3Xbds7oTNQT7Pgi9gQCJKrd2VGab/UksIOYp6VD8MzCstGxOKMgNamPwUCfxPdP1OHg=="],

    "@rolldown/binding-darwin-arm64": ["@rolldown/binding-darwin-arm64@1.2.12", "", { "os": "darwin", "cpu": "arm64" }, "sha512-3YIhqHD96nA5SaYNRBR16HnGv4oavZvXfD/ayHM+oYZ0WD/8lBAtf6zQua4kEyAvpqrluKXl0lnOBoiNby7x9w=="],

    "@rolldown/binding-darwin-x64": ["@rolldown/binding-darwin-x64@1.2.12", "", { "os": "darwin", "cpu": "x64" }, "sha512-UuuJ35MFw4gmFOrE9pEqIV+K3syIKveph+Qc1/ljHZVdoDW4pz/JHR/eMVom+TZGl/5OOvGJOWaOCVt3ZfqhxA=="],

    "@rolldown/binding-freebsd-x64": ["@rolldown/binding-freebsd-x64@1.2.12", "", { "os": "freebsd", "cpu": "x64" }, "sha512-uMvssit0a4W+/7D8CbHUvG719mH3R2jwXAlh/XcPvuHTE0g++LymF88DCGNX0HM2rBOn0xrzgXktIB6fLSJBTQ=="],

    "@rolldown/binding-linux-arm-gnueabihf": ["@rolldown/binding-linux-arm-gnueabihf@1.2.12", "", { "os": "linux", "cpu": "arm" }, "sha512-XcFu0R0xWnwzSf4IQgFH1rJIckPN1pLy2R+4r9IDB7Yfu/ys9cVqfa4pBrMHj7a3gl8mIR4nRNPg0e5IvEVs6g=="],

    "@rolldown/binding-linux-arm64-gnu": ["@rolldown/binding-linux-arm64-gnu@1.2.12", "", { "os": "linux", "cpu": "arm64" }, "sha512-260UrKgn8tz39ak+SMDOirKzr7V04M9dWPw5llW00SwBivCZoWcRBKV1d8cXnRkUmSZA3BdiUmBHWk7734Ulpw=="],

    "@rolldown/binding-linux-arm64-musl": ["@rolldown/binding-linux-arm64-musl@1.2.12", "", { "os": "linux", "cpu": "arm64" }, "sha512-5YK1I9SqDkbPgc1IA8BgDl34suqUS2q0KWnBrirm0E51YjOs6eo6dV6jbQfNE/argHRSvd0QUGgtpIoYx+WWpw=="],

    "@rolldown/binding-linux-ppc64-gnu": ["@rolldown/binding-linux-ppc64-gnu@1.2.12", "", { "os": "linux", "cpu": "ppc64" }, "sha512-Rkcrmp7eFRg74yL5fXEU91JEWbdEPLevWwGtXpmhbjlD1StScbWTmO94Bhly+Mo+ketKYkdmM1vNUKeWSlx8cQ=="],

    "@rolldown/binding-linux-s390x-gnu": ["@rolldown/binding-linux-s390x-gnu@1.2.12", "", { "os": "linux", "cpu": "s390x" }, "sha512-qvK4DuAsQc2BSjlx+Xr+IzOIvvxbGZqxFwdWfG6F518Erj0GGISyQbJ6pIappnOxlNPzNHvo/L0BwB30GZ+zVw=="],

    "@rolldown/binding-linux-x64-gnu": ["@rolldown/binding-linux-x64-gnu@1.2.12", "", { "os": "linux", "cpu": "x64" }, "sha512-Q9uLBO53Xd4QIq1WOycVQyPP1O4HhraEV2qqb3uTrnVw6QZih9duY4vNXOivL1xoUS1/z+W8eF4NMfl2a8Sdjw=="],

    "@rolldown/binding-linux-x64-musl": ["@rolldown/binding-linux-x64-musl@1.2.12", "", { "os": "linux", "cpu": "x64" }, "sha512-3IBxWFMjbOZskDPKv8Lf9BCnahlKuHthWkYnyIxOH/QcJrFcS4EmcenthApkwr/5+nEqZlLzeYbxeMaX7A5u4g=="],

    "@rolldown/binding-openharmony-arm64": ["@rolldown/binding-openharmony-arm64@1.2.12", "", { "os": "none", "cpu": "arm64" }, "sha512-xtX61xg4LKPkPWilZU1ynKClz5Gj4bf74LML4r3eVLWumKnGjoEr1OSHQhMdbBDoYTi+yjrujvpZe2pUnqCrrA=="],

    "@rolldown/binding-win32-arm64-msvc": ["@rolldown/binding-win32-arm64-msvc@1.2.12", "", { "os": "win32", "cpu": "arm64" }, "sha512-At7fPB6PCaIjzgIhEZFxuT+BBFqiQibJDT4d3PhiR3f4E7bbMZF4aKblbFfEM3sETRDd1YiQx/+U/g/B/ou5Ew=="],

    "@rolldown/binding-win32-x64-msvc": ["@rolldown/binding-win32-x64-msvc@1.2.12", "", { "os": "win32", "cpu": "x64" }, "sha512-WIw2haVKwjuYdXkHaoC0mF8Le71TuCBxjrdKqLbJGctbBABj+ClfmNvtbOnzpq3RokNo5+V1qhtSzJyXorsklQ=="],

    "@rolldown/pluginutils": ["@rolldown/pluginutils@1.0.1", "", {}, "sha512-2j9bGt5Jh8hj+vPtgzPtl72j0yRxHAyumoo6TNfAjsLB04UtpSvPbPcDcBMxz7n+9CYB0c1GxQFxYRg2jimqGw=="],

    "@standard-schema/spec": ["@standard-schema/spec@1.1.0", "", {}, "sha512-l2aFy5jALhniG5HgqrD6jXLi/rUWrKvqN/qJx6yoJsgKhblVd+iqqU4RCXavm/jPityDo5TCvKMnpjKnOriy0w=="],

    "@stricli/core": ["@stricli/core@1.3.0", "", {}, "sha512-LnBe2HntygaLDU5trtjiC3J4C/YkmIZuM0XB52IF4qaLqJH09kgD1fnZiS2gaYUnt0nAN2a+1b4PSOBcfPrN4Q=="],

    "@types/bun": ["@types/bun@1.4.2", "", { "dependencies": { "bun-types": "1.4.2" } }, "sha512-GimotNn7+ZV0uVArItBbriZsR1oNf0+WTzPkdcFrzShI7k2norL0uzEaJT8T33dWr7O/c9ZDuAFQrctKCi72oQ=="],

    "@types/node": ["@types/node@24.19.0", "", { "dependencies": { "undici-types": ">=7.24.0 <7.24.7" } }, "sha512-zY+5tKxXdhGh1PYI0ac+7juvEu4OI6vWtVVoj5i2m42jxAY1U+zHGt6QCyOFwykdP62sM3MJ9stoYYUw5aCWew=="],

    "@types/pg": ["@types/pg@8.20.4", "", { "dependencies": { "@types/node": "*", "pg-protocol": "*", "pg-types": "^2.2.0" } }, "sha512-Jz7UDOlIiFJuacC0TlBoLyNtmwlA/wpIyPDd3tvUqlRM+HzkWy2xUgpFpaXtbfTAFF6sIGq5lsCDBdJnhky1Xg=="],

    "@vercel/detect-agent": ["@vercel/detect-agent@1.2.5", "", {}, "sha512-0krENrjuitlW8s6TJu0MlqCevyCU7K7JK63jZAf7xZ6n17tx+vUEwzHT3sTxawtwZxaW21hu+oFUpoOrm49FsQ=="],

    "@yuku-codegen/binding-android-arm64": ["@yuku-codegen/binding-android-arm64@0.8.7", "", { "os": "android", "cpu": "arm64" }, "sha512-C/0zV5IhgVdYhGJTwrY0v8dknxlhiKwtVJkMUaexu9/QvRmzlV4vfU3hZlUSgqc2BxQHntL1mCVbDq8j0FRFDw=="],

    "@yuku-codegen/binding-darwin-arm64": ["@yuku-codegen/binding-darwin-arm64@0.8.7", "", { "os": "darwin", "cpu": "arm64" }, "sha512-/u+REDMI4a0/lsJXTM4c53/w31OGZLOReZIyg62uhgLs0kc8NHsj/nOcxTdlQjq5gi0zhdkccD9LaLTXcdzPvw=="],

    "@yuku-codegen/binding-darwin-x64": ["@yuku-codegen/binding-darwin-x64@0.8.7", "", { "os": "darwin", "cpu": "x64" }, "sha512-sMMzFOwCo4WXR+/6zIBThOocSC50iIIZZdfiIDbaLvj0Ax/rWt/iavyfEAqajyvzydLyCqR/ZItdLWSRlu1umw=="],

    "@yuku-codegen/binding-freebsd-x64": ["@yuku-codegen/binding-freebsd-x64@0.8.7", "", { "os": "freebsd", "cpu": "x64" }, "sha512-MpdpKXix9P+Y1rKgjvcNeNtGjXeL1CmttNhYINrWls8kRpm4xM/oBGTmn6w7to8lAlwj5jm8q03dQPl5mRv4Qw=="],

    "@yuku-codegen/binding-linux-arm-gnu": ["@yuku-codegen/binding-linux-arm-gnu@0.8.7", "", { "os": "linux", "cpu": "arm" }, "sha512-rr1srFLlPAmC1vtxfc9C1YLDe3iH09YjfSeeIidBqKhzx1MATjOAq4mjlRUOnhr/L27MotWIYOFKwVsd5JZFOg=="],

    "@yuku-codegen/binding-linux-arm-musl": ["@yuku-codegen/binding-linux-arm-musl@0.8.7", "", { "os": "linux", "cpu": "arm" }, "sha512-eAufXh8qBRpiSO6ueaMDL+yyoXIGLhpUce72YbcACtZU2qhExwBIJyEtQf5kH2Ki0X2aqkSjSfog4OPtKXan3Q=="],

    "@yuku-codegen/binding-linux-arm64-gnu": ["@yuku-codegen/binding-linux-arm64-gnu@0.8.7", "", { "os": "linux", "cpu": "arm64" }, "sha512-gw4w6wPoHObBrdIC4duVWLmJOvpdE25j5D7yrM5mACNlK4klRz/lv8hK+ssQk9EJHBgZjSaqZIJVFgqNYbfv7A=="],

    "@yuku-codegen/binding-linux-arm64-musl": ["@yuku-codegen/binding-linux-arm64-musl@0.8.7", "", { "os": "linux", "cpu": "arm64" }, "sha512-L68N6Y4XkqcIaKo3Ra88JEvBEH4AHff44A4INcrxeVWZ8CZtu2tCpfVxe3hR8qQQMcvBSQlDn24KpkCKEhVvfA=="],

    "@yuku-codegen/binding-linux-x64-gnu": ["@yuku-codegen/binding-linux-x64-gnu@0.8.7", "", { "os": "linux", "cpu": "x64" }, "sha512-dzyAbltJmf3Cqlb8HcFuYIf5Yn0fl1vTr3XJ9HiVNNvOlhqPSArOqtw9vI1p6/VTXTjrMLXlU+s+/kNHiIy/Cw=="],

    "@yuku-codegen/binding-linux-x64-musl": ["@yuku-codegen/binding-linux-x64-musl@0.8.7", "", { "os": "linux", "cpu": "x64" }, "sha512-Otw4MH3404q0Bbvl+YTdW9aoUV5vXmUw8260bWvt1XlaoIX/ceSgI4ygheRDMfBPoHt6FDayQaO9OLVUZAgkFA=="],

    "@yuku-codegen/binding-win32-arm64": ["@yuku-codegen/binding-win32-arm64@0.8.7", "", { "os": "win32", "cpu": "arm64" }, "sha512-qo/jyrzryiBuKEsFiuWaBCBe3tRMynQ0qFWFgOEjcCMQeZfBm+wKiVEUEFXXLc7bh8YezguAWp0Mtnhq4ARNyA=="],

    "@yuku-codegen/binding-win32-x64": ["@yuku-codegen/binding-win32-x64@0.8.7", "", { "os": "win32", "cpu": "x64" }, "sha512-D5lDsVDx6m00E6bWySlWdH72Ca4TPSaphDqB6QjU6MpuNLIJqoGoatYyq2rOmBE8Zv/kunot/o58KGL03P3eiA=="],

    "@yuku-parser/binding-android-arm64": ["@yuku-parser/binding-android-arm64@0.8.7", "", { "os": "android", "cpu": "arm64" }, "sha512-eGKYiUDX7Y0V7tDTmg+JTVnXnjMqfXXsorZ+EDf5kxwchQ3Or1HS14MzI2fw+jFhHR85fCWt+mtX33Yao73hIQ=="],

    "@yuku-parser/binding-darwin-arm64": ["@yuku-parser/binding-darwin-arm64@0.8.7", "", { "os": "darwin", "cpu": "arm64" }, "sha512-Re0RHelKLnjEURulY2/KxW+Ngb8zuNA4BRZuMwgGQNzVumT6u4U2N2hc01oeYVNVof0i7GrXE4UCNBgbpRRnjQ=="],

    "@yuku-parser/binding-darwin-x64": ["@yuku-parser/binding-darwin-x64@0.8.7", "", { "os": "darwin", "cpu": "x64" }, "sha512-Hn8DROtQkjlA1ACbPgj4a7eP9IuVOI504oiTwpkWPbpaDWD9KdmnVYCqW+1LfenNK/g7O9NhWGpXEdaCNX7lIA=="],

    "@yuku-parser/binding-freebsd-x64": ["@yuku-parser/binding-freebsd-x64@0.8.7", "", { "os": "freebsd", "cpu": "x64" }, "sha512-bAP2OV8wRuzplX/jYxv9+vvqQT8JxyNphI8fLfXGL054Xs+4/J5u33cIm3y4rxY8rdoLmmdiJs2Tq7r7lrDRfA=="],

    "@yuku-parser/binding-linux-arm-gnu": ["@yuku-parser/binding-linux-arm-gnu@0.8.7", "", { "os": "linux", "cpu": "arm" }, "sha512-kTYwJQQgmZeAWdDIWabiReIZMpmfLueIj1tCmjStUtFGhR1Z0qwxonKVfUC4N7h/VhGGzLZ//7O1kgt1QKqgCg=="],

    "@yuku-parser/binding-linux-arm-musl": ["@yuku-parser/binding-linux-arm-musl@0.8.7", "", { "os": "linux", "cpu": "arm" }, "sha512-uL4jE8HPT2BLlxAXyD10LqgPuXa9eDa0BKpCdSANmzIJghq/2eZo3/gQNtaxPZMupWoxjYzSad9IXrwu7aYPXQ=="],

    "@yuku-parser/binding-linux-arm64-gnu": ["@yuku-parser/binding-linux-arm64-gnu@0.8.7", "", { "os": "linux", "cpu": "arm64" }, "sha512-3gVN4pWSKZmXiNX7cU164dR9MPvesCHnlH6nPfpK+yQsCuYphjKKplcb4SnZBrhiqmXbgb2HR0c2TS0IZUPhgA=="],

    "@yuku-parser/binding-linux-arm64-musl": ["@yuku-parser/binding-linux-arm64-musl@0.8.7", "", { "os": "linux", "cpu": "arm64" }, "sha512-S0mwfEjoLpxzXeZw802Wa4RaELsQiPtWqG6INcy8j4GtvNFtl4LCX3eGO1XLn9pyLAISLzTRyU3zUCBUPin8lg=="],

    "@yuku-parser/binding-linux-x64-gnu": ["@yuku-parser/binding-linux-x64-gnu@0.8.7", "", { "os": "linux", "cpu": "x64" }, "sha512-lnbWdPmerE5D1uH1G4IEZKnPzCrWCStRGrtgpSIe1RibAo5bZIjDbbbPYXmMHCEh4F+x/JaJpElh26a3r+BPbg=="],

    "@yuku-parser/binding-linux-x64-musl": ["@yuku-parser/binding-linux-x64-musl@0.8.7", "", { "os": "linux", "cpu": "x64" }, "sha512-769uwndMvMzUvATWbAcEvyLHKA+DzhHSCl/obBUrRdYfRo26yxui6S8y3z7uJ+Naup7UKrDxrpK7OnQkxkl9KQ=="],

    "@yuku-parser/binding-win32-arm64": ["@yuku-parser/binding-win32-arm64@0.8.7", "", { "os": "win32", "cpu": "arm64" }, "sha512-mEB/9PlaAkisJ6KWGz0zvywXoU6+80dTlR2LwS7s/jcXXoU6fm2+sitBZXtqu3+Q4DcDgPxM45uWMCzPs0TSRw=="],

    "@yuku-parser/binding-win32-x64": ["@yuku-parser/binding-win32-x64@0.8.7", "", { "os": "win32", "cpu": "x64" }, "sha512-8vNB2DP0ou61nGb8tc/qfi41gfyDXz1MHr2zqL3nR+cJ6CEbiuWV/l/a/vv151gCgiZLLAyGkQGENpozdg716w=="],

    "@yuku-toolchain/types": ["@yuku-toolchain/types@0.8.7", "", {}, "sha512-2Z53dNxAJL6UvFoIrDZvYf3zlO8s4VJK4O2hhaB4mXVwwpX/7ajtss3cmfqKvamlNLWyt9FSWs4eoYdlbxpnHA=="],

    "ansi-regex": ["ansi-regex@6.4.0", "", {}, "sha512-KzTVk2tCWAHtYrvvvaP8bJKJq2pVinhLcGEQdtLIYPbmNGNyYe8QwNaTUYQp2J7/vIsUKt5QCqAfUkYyG9DkOw=="],

    "ansi-styles": ["ansi-styles@6.2.3", "", {}, "sha512-4Dj6M28JB+oAH8kFkTLUo+a2jwOFkuqb3yucU0CANcRRUbxS0cP0nZYCGjcc3BNXwRIsUVmDGgzawme7zvJHvg=="],

    "ansis": ["ansis@4.4.0", "", {}, "sha512-9k3v7xcHwgdO/DruxGIg4HtjvlAZlcnsX/mzqUb1t3NkYnl9kK2UJ+Gq0io+vQf7iT//BD/HB/NBkUR1LWxoeA=="],

    "arkregex": ["arkregex@0.0.11", "", { "dependencies": { "@ark/util": "0.56.5" } }, "sha512-b7bu/QijB2MCuRrivlzIc2e7TccVA16eswurQFZbtCzd9tubIdVRh1c3clVRVTdO2ExTXXuoRctkkLIsWNP00w=="],

    "arktype": ["arktype@2.2.6", "", { "dependencies": { "@ark/schema": "0.56.5", "@ark/util": "0.56.5", "arkregex": "0.0.11" } }, "sha512-0ygTf58QUodmxeEXdGm/1DGzd2lOdER5rIrtNWrCUV8QUMYdv0Ig1vzC9dwP1GP86aMgvrrI6k9FvYncDxp4tQ=="],

    "bun-types": ["bun-types@1.4.2", "", { "dependencies": { "@types/node": "*" } }, "sha512-bxV1FgK7yBIzjRe5zBozIM4Bem11ZJcCXSrjWRG3YWLt8yFDePu4cLjpebO8OvPeIE9trbyPF4fuj3Cia4Fj3w=="],

    "c12": ["c12@3.3.4", "", { "dependencies": { "chokidar": "^5.0.0", "confbox": "^0.2.4", "defu": "^6.1.6", "dotenv": "^17.3.1", "exsolve": "^1.0.8", "giget": "^3.2.0", "jiti": "^2.6.1", "ohash": "^2.0.11", "pathe": "^2.0.3", "perfect-debounce": "^2.1.0", "pkg-types": "^2.3.0", "rc9": "^3.0.1" }, "peerDependencies": { "magicast": "*" }, "optionalPeers": ["magicast"] }, "sha512-cM0ApFQSBXuourJejzwv/AuPRvAxordTyParRVcHjjtXirtkzM0uK2L9TTn9s0cXZbG7E55jCivRQzoxYmRAlA=="],

    "cac": ["cac@7.0.0", "", {}, "sha512-tixWYgm5ZoOD+3g6UTea91eow5z6AAHaho3g0V9CNSNb45gM8SmflpAc+GRd1InC4AqN/07Unrgp56Y94N9hJQ=="],

    "chokidar": ["chokidar@5.0.0", "", { "dependencies": { "readdirp": "^5.0.0" } }, "sha512-TQMmc3w+5AxjpL8iIiwebF73dRDF4fBIieAqGn9RGCWaEVwQ6Fb2cGe31Yns0RRIzii5goJ1Y7xbMwo1TxMplw=="],

    "ci-info": ["ci-info@4.4.0", "", {}, "sha512-77PSwercCZU2Fc4sX94eF8k8Pxte6JAwL4/ICZLFjJLqegs7kCuAsqqj/70NQF6TvDpgFjkubQB2FW2ZZddvQg=="],

    "clipanion": ["clipanion@4.0.0-rc.4", "", { "dependencies": { "typanion": "^3.8.0" } }, "sha512-CXkMQxU6s9GklO/1f714dkKBMu1lopS1WFF0B8o4AxPykR1hpozxSiUZ5ZUeBjfPgCWqbcNOtZVFhB8Lkfp1+Q=="],

    "closest-match": ["closest-match@1.3.3", "", {}, "sha512-RSdHrZwNOvt2uMQgqJDJdM/I+5MlJ1tQJEXYrbRjSMXWiCRo06g2hwObJ7+WKt2J9ySK9/pJ0Q2vbL+BPkofDA=="],

    "colorette": ["colorette@2.0.20", "", {}, "sha512-IfEDxwoWIjkeXL1eXcDiow4UbKjhLdq6/EuSVR9GMN7KVH3r9gQ83e73hsz1Nd1T3ijd5xv1wcWRYO+D6kCI2w=="],

    "confbox": ["confbox@0.2.4", "", {}, "sha512-ysOGlgTFbN2/Y6Cg3Iye8YKulHw+R2fNXHrgSmXISQdMnomY6eNDprVdW9R5xBguEqI954+S6709UyiO7B+6OQ=="],

    "defu": ["defu@6.1.7", "", {}, "sha512-7z22QmUWiQ/2d0KkdYmANbRUVABpZ9SNYyH5vx6PZ+nE5bcC0l7uFvEfHlyld/HcGBFTL536ClDt3DEcSlEJAQ=="],

    "destr": ["destr@2.0.5", "", {}, "sha512-ugFTXCtDZunbzasqBxrK93Ik/DRYsO6S/fedkWEMKqt04xZ4csmnmwGDBAb07QWNaGMAmnTIemsYZCksjATwsA=="],

    "dotenv": ["dotenv@17.4.2", "", {}, "sha512-nI4U3TottKAcAD9LLud4Cb7b2QztQMUEfHbvhTH09bqXTxnSie8WnjPALV/WMCrJZ6UV/qHJ6L03OqO3LcdYZw=="],

    "dts-resolver": ["dts-resolver@3.0.0", "", { "peerDependencies": { "oxc-resolver": ">=11.0.0" }, "optionalPeers": ["oxc-resolver"] }, "sha512-1T1f+z+4tl9XD+m+0HBgWoL/nm0bOIffyWaUuUSBlFg/86IWvfx+wjNaO/ybU0AJzG9/Mi5hBUgGV6zCmWEN7Q=="],

    "empathic": ["empathic@2.1.0", "", {}, "sha512-AnfC1ATldl49/cvZdLPDjBfrRNwbDO05aibiOtzQu3qtlbJtomNLhF30HEtn/7iBz50dlMECqATo3fG0LrdEgw=="],

    "esbuild": ["esbuild@0.28.2", "", { "optionalDependencies": { "@esbuild/aix-ppc64": "0.28.2", "@esbuild/android-arm": "0.28.2", "@esbuild/android-arm64": "0.28.2", "@esbuild/android-x64": "0.28.2", "@esbuild/darwin-arm64": "0.28.2", "@esbuild/darwin-x64": "0.28.2", "@esbuild/freebsd-arm64": "0.28.2", "@esbuild/freebsd-x64": "0.28.2", "@esbuild/linux-arm": "0.28.2", "@esbuild/linux-arm64": "0.28.2", "@esbuild/linux-ia32": "0.28.2", "@esbuild/linux-loong64": "0.28.2", "@esbuild/linux-mips64el": "0.28.2", "@esbuild/linux-ppc64": "0.28.2", "@esbuild/linux-riscv64": "0.28.2", "@esbuild/linux-s390x": "0.28.2", "@esbuild/linux-x64": "0.28.2", "@esbuild/netbsd-arm64": "0.28.2", "@esbuild/netbsd-x64": "0.28.2", "@esbuild/openbsd-arm64": "0.28.2", "@esbuild/openbsd-x64": "0.28.2", "@esbuild/openharmony-arm64": "0.28.2", "@esbuild/sunos-x64": "0.28.2", "@esbuild/win32-arm64": "0.28.2", "@esbuild/win32-ia32": "0.28.2", "@esbuild/win32-x64": "0.28.2" }, "bin": { "esbuild": "bin/esbuild" } }, "sha512-HKVLS8dvII+xoKW9kmqxbRKrnWEXfJJr/FZhhJmiqIB0e053QNYFqOBouTMO/k5sID4MvCiUCvv8b9M4h32wIA=="],

    "exsolve": ["exsolve@1.1.1", "", {}, "sha512-9U/jZUgjnSGyntRr6y5Muu1MJcwFl6kPu7k8qLF0IMNfLqvw0NZ4nnVDq0RVoZ0RvCyumib4Ez3KYrVfilrw+g=="],

    "fast-string-truncated-width": ["fast-string-truncated-width@3.0.3", "", {}, "sha512-0jjjIEL6+0jag3l2XWWizO64/aZVtpiGE3t0Zgqxv0DPuxiMjvB3M24fCyhZUO4KomJQPj3LTSUnDP3GpdwC0g=="],

    "fast-string-width": ["fast-string-width@3.0.2", "", { "dependencies": { "fast-string-truncated-width": "^3.0.2" } }, "sha512-gX8LrtNEI5hq8DVUfRQMbr5lpaS4nMIWV+7XEbXk2b8kiQIizgnlr12B4dA3ZEx3308ze0O4Q1R+cHts8kyUJg=="],

    "fast-wrap-ansi": ["fast-wrap-ansi@0.2.2", "", { "dependencies": { "fast-string-width": "^3.0.2" } }, "sha512-7F2Fl+TjRSenLqlU3UjSH0iyqopqoZIu7eZVpEirP2g1GtWa2G/ecEmBdgz31+Mxr+ELclgg6sokpSFIQiZ02Q=="],

    "fdir": ["fdir@6.5.0", "", { "peerDependencies": { "picomatch": "^3 || ^4" }, "optionalPeers": ["picomatch"] }, "sha512-tIbYtZbucOs0BRGqPJkshJUYdL+SDH7dVM8gjy+ERp3WAUjLEFJE+02kanyHtwjWOnwrKYBiwAmM0p4kLJAnXg=="],

    "get-east-asian-width": ["get-east-asian-width@1.7.0", "", {}, "sha512-XjH1AECxf0giL2V1aU8vKyRR2ppRUb5c0EvT7zuJTokQ74bNo52zOtghqdWIqrhUD79fo3x0WfKZdOqxF6LG1Q=="],

    "get-tsconfig": ["get-tsconfig@5.0.0-beta.5", "", { "dependencies": { "resolve-pkg-maps": "^1.0.0" } }, "sha512-/6gFNr0N04nob252sTQxyFLi3eKFRqIg1I87YcqAMT1i6SQrSF6KujUEQrtrjMV0H/eejTCltLdDSTEMzHbnsQ=="],

    "giget": ["giget@3.3.1", "", { "bin": { "giget": "dist/cli.mjs" } }, "sha512-r+mvuDjrjMpsdw46Kmeydb8bdHm7wOKw8wNBtTndkjbPjgAp5oUJUxRE76wZFknxIPokfWvep2qSXK37aXE6zg=="],

    "hookable": ["hookable@6.1.2", "", {}, "sha512-+abwxtiEA52GCVIsQqut3S/uKTbUwYIp4Pe/vv+6py5XiXBCqMZHg6pA6Y5qhgLSEys0/cYuPbO0z1QFj5ZCmg=="],

    "import-without-cache": ["import-without-cache@0.4.1", "", {}, "sha512-vXoV9PjKHEednCUu01e98TkImxy67e3BJXbTIOmIq4Hyzw3IAwYRcuPkfeTzJzwyyts4kjuA73x+pWJLc4f86A=="],

    "jiti": ["jiti@2.7.0", "", { "bin": { "jiti": "lib/jiti-cli.mjs" } }, "sha512-AC/7JofJvZGrrneWNaEnJeOLUx+JlGt7tNa0wZiRPT4MY1wmfKjt2+6O2p2uz2+skll8OZZmJMNqeke7kKbNgQ=="],

    "jsonc-parser": ["jsonc-parser@3.3.1", "", {}, "sha512-HUgH65KyejrUFPvHFPbqOY0rsFip3Bo5wb4ngvdi1EpCYWUQDC5V+Y7mZws+DLkr4M//zQJoanu1SP+87Dv1oQ=="],

    "obug": ["obug@2.2.1", "", {}, "sha512-XrsrhT5sybtKI6wakr2SPOlGZWWYbUXZ7a0jT8/QOeAPau+1X/bSegNe5YR75oJmEZQbKningirmGOEJCIk61Q=="],

    "ohash": ["ohash@2.0.12", "", {}, "sha512-65S/5gk9YSsaRjcyf7Nfa6h/d3E8/1gslpXfI4W7Dxn/oap8IKRuNT5VXkLQ1YFKIEg4apRY4Pj6aiwFzrDdmw=="],

    "openapi-fetch": ["openapi-fetch@0.14.0", "", { "dependencies": { "openapi-typescript-helpers": "^0.0.15" } }, "sha512-PshIdm1NgdLvb05zp8LqRQMNSKzIlPkyMxYFxwyHR+UlKD4t2nUjkDhNxeRbhRSEd3x5EUNh2w5sJYwkhOH4fg=="],

    "openapi-typescript-helpers": ["openapi-typescript-helpers@0.0.15", "", {}, "sha512-opyTPaunsklCBpTK8JGef6mfPhLSnyy5a0IN9vKtx3+4aExf+KxEqYwIy3hqkedXIB97u357uLMJsOnm3GVjsw=="],

    "package-manager-detector": ["package-manager-detector@1.8.0", "", {}, "sha512-yQA4H19AmPEoMUeavPMDIe1higySl/gH/yaQrkT/s07Qp+7pp2hYz30N3z2l5BkjVkF9Ow6o0wjJamm2y7Sn0A=="],

    "pathe": ["pathe@2.0.3", "", {}, "sha512-WUjGcAqP1gQacoQe+OBJsFA7Ld4DyXuUIjZ5cc75cLHvJ7dtNsTugphxIADwspS+AraAUePCKrSVtPLFj/F88w=="],

    "perfect-debounce": ["perfect-debounce@2.1.0", "", {}, "sha512-LjgdTytVFXeUgtHZr9WYViYSM/g8MkcTPYDlPa3cDqMirHjKiSZPYd6DoL7pK8AJQr+uWkQvCjHNdiMqsrJs+g=="],

    "pg": ["pg@8.22.0", "", { "dependencies": { "pg-connection-string": "^2.14.0", "pg-pool": "^3.14.0", "pg-protocol": "^1.15.0", "pg-types": "2.2.0", "pgpass": "1.0.5" }, "optionalDependencies": { "pg-cloudflare": "^1.4.0" }, "peerDependencies": { "pg-native": ">=3.0.1" }, "optionalPeers": ["pg-native"] }, "sha512-8wih1vVIBMxoUM2oB4soJsD9tDnDpLv4OXBJ+EJzFsvycD+lfyIreC2gGHq78f8jbLLt+bvlPTFdFZfJkOuzAA=="],

    "pg-cloudflare": ["pg-cloudflare@1.4.1", "", {}, "sha512-6PQbsFWZcp9EmJEwy5cGQ2La+AMWpP46lgbb8X+U/XsHIUweYDNCpeuKck5RxL2MdVFi7krbbEi5nX4Zh7JhrQ=="],

    "pg-connection-string": ["pg-connection-string@2.14.1", "", {}, "sha512-qR3kGNPBLpCNtz0evbKA0Y/MRFXwSSdT+pTJvYp/bXTcReZbvX1kzF0IyTc1QnxqF7AZbOeBhNL8R5mYQZV/MA=="],

    "pg-cursor": ["pg-cursor@2.22.1", "", { "peerDependencies": { "pg": "^8" } }, "sha512-X10ldv3wwBONQkOSwgWEbaEITMGLd92V2Zd+xsFPhDt3nhhU3hpAT08SERBChnIFmomczLax6lKXLJrHPPXfxA=="],

    "pg-int8": ["pg-int8@1.0.1", "", {}, "sha512-WCtabS6t3c8SkpDBUlb1kjOs7l66xsGdKpIPZsg4wR+B3+u9UAum2odSsF9tnvxg80h4ZxLWMy4pRjOsFIqQpw=="],

    "pg-pool": ["pg-pool@3.14.0", "", { "peerDependencies": { "pg": ">=8.0" } }, "sha512-gKtPkFdQPU3DksooVLi9LsjZxrsBUZIpa+7aVx+LV5pNh0KzP4Zleud2po+ConrxbuXGBJ6Hfer6hdgpIBpBaw=="],

    "pg-protocol": ["pg-protocol@1.16.1", "", {}, "sha512-p9VOFMiHB/ZbJATetbg+99PxssTVSQRnyuPSQ67mN1+1KBOjZaZ83ZQzltnxPhJwSsC3nwVjJ10DVJlerbFzLg=="],

    "pg-types": ["pg-types@2.2.0", "", { "dependencies": { "pg-int8": "1.0.1", "postgres-array": "~2.0.0", "postgres-bytea": "~1.0.0", "postgres-date": "~1.0.4", "postgres-interval": "^1.1.0" } }, "sha512-qTAAlrEsl8s4OiEQY69wDvcMIdQN6wdz5ojQiOy6YRMuynxenON0O5oCpJI6lshc6scgAY8qvJ2On/p+CXY0GA=="],

    "pgpass": ["pgpass@1.0.5", "", { "dependencies": { "split2": "^4.1.0" } }, "sha512-FdW9r/jQZhSeohs1Z3sI1yxFQNFvMcnmfuj4WBMUTxOrAyLMaTcE1aAMBiTlbMNaXvBCQuVi0R7hd8udDSP7ug=="],

    "picomatch": ["picomatch@4.0.7", "", {}, "sha512-qcJu88Q2IWqJsDD529JKMdwGm/dvInW4HvQnRwiH9JtihJvzGOscDtHE3x1pBKeUOTysQ8kVmLnJ2kJu7yhcGA=="],

    "pkg-types": ["pkg-types@2.3.3", "", { "dependencies": { "confbox": "^0.3.1", "exsolve": "^1.1.1", "pathe": "^2.0.3" } }, "sha512-j/lCFdcppV0JxWpCEITdbDltBxPP6cHT+yNJ6Go2OgoSA9518X847X9z0p6LtA4Nc16+eQzCZjRrWanTGvHJ5w=="],

    "pluralize": ["pluralize@8.0.0", "", {}, "sha512-Nc3IT5yHzflTfbjgqWcCPpo7DaKy4FnpB0l/zCAW0Tc7jxAiuqSxHasntB3D7887LSrA93kDJ9IXovxJYxyLCA=="],

    "postgres-array": ["postgres-array@2.0.0", "", {}, "sha512-VpZrUqU5A69eQyW2c5CA1jtLecCsN2U/bD6VilrFDWq5+5UIEVO7nazS3TEcHf1zuPYO/sqGvUvW62g86RXZuA=="],

    "postgres-bytea": ["postgres-bytea@1.0.1", "", {}, "sha512-5+5HqXnsZPE65IJZSMkZtURARZelel2oXUEO8rH83VS/hxH5vv1uHquPg5wZs8yMAfdv971IU+kcPUczi7NVBQ=="],

    "postgres-date": ["postgres-date@1.0.7", "", {}, "sha512-suDmjLVQg78nMK2UZ454hAG+OAW+HQPZ6n++TNDUX+L0+uUlLywnoxJKDou51Zm+zTCjrCl0Nq6J9C5hP9vK/Q=="],

    "postgres-interval": ["postgres-interval@1.2.0", "", { "dependencies": { "xtend": "^4.0.0" } }, "sha512-9ZhXKM/rw350N1ovuWHbGxnGh/SNJ4cnxHiM0rxE4VN41wsg8P8zWn9hv/buK00RP4WvlOyr/RBDiptyxVbkZQ=="],

    "prettier": ["prettier@3.9.9", "", { "bin": { "prettier": "bin/prettier.cjs" } }, "sha512-Z/CJHIkdujO/OtN7nXUii0Rf3VT5SRuhjBA82Xvu2XhBUgX3nhP67T0LHceBdQLex7OOFGTox+Q5Yg8Jk2Qivg=="],

    "quansync": ["quansync@1.0.0", "", {}, "sha512-5xZacEEufv3HSTPQuchrvV6soaiACMFnq1H8wkVioctoH3TRha9Sz66lOxRwPK/qZj7HPiSveih9yAyh98gvqA=="],

    "rc9": ["rc9@3.1.0", "", { "dependencies": { "defu": "^6.1.7", "destr": "^2.0.5" } }, "sha512-ufjkNVzbRHKcCOmTahZkmVsyc3W+MSk3jY03m+a7tGHkIsdVMG9l10/3HvFbWkkKzY5VFp3pkRsIo/UYgmFL7Q=="],

    "readdirp": ["readdirp@5.1.1", "", {}, "sha512-Kko+Y5XQ6fM+Ce3dq3m9YGxnacYZYl9cA1wZjaF3Vbry2L3i1qVg8+CAgNPsXRArPMUMCaOR7oa9Nqntc43JKA=="],

    "resolve-pkg-maps": ["resolve-pkg-maps@1.0.0", "", {}, "sha512-seS2Tj26TBVOC2NIc2rOe2y2ZO7efxITtLZcGSOnHHNOQ7CkiUBfw0Iw2ck6xkIhPwLhKNLS8BO+hEpngQlqzw=="],

    "rolldown": ["rolldown@1.2.12", "", { "dependencies": { "@oxc-project/types": "=0.152.0", "@rolldown/pluginutils": "^1.0.0" }, "optionalDependencies": { "@rolldown/binding-android-arm-eabi": "1.2.12", "@rolldown/binding-android-arm64": "1.2.12", "@rolldown/binding-darwin-arm64": "1.2.12", "@rolldown/binding-darwin-x64": "1.2.12", "@rolldown/binding-freebsd-x64": "1.2.12", "@rolldown/binding-linux-arm-gnueabihf": "1.2.12", "@rolldown/binding-linux-arm64-gnu": "1.2.12", "@rolldown/binding-linux-arm64-musl": "1.2.12", "@rolldown/binding-linux-ppc64-gnu": "1.2.12", "@rolldown/binding-linux-s390x-gnu": "1.2.12", "@rolldown/binding-linux-x64-gnu": "1.2.12", "@rolldown/binding-linux-x64-musl": "1.2.12", "@rolldown/binding-openharmony-arm64": "1.2.12", "@rolldown/binding-win32-arm64-msvc": "1.2.12", "@rolldown/binding-win32-x64-msvc": "1.2.12" }, "bin": { "rolldown": "./bin/cli.mjs" } }, "sha512-8wafseiaG80xmXSfqidUNqZcylTlhmPZZt+za2m+js2sFZ8dTNlhIOV2WcbIPx2hgwPBJpEUGFAMZ9bgBBLTSQ=="],

    "rolldown-plugin-dts": ["rolldown-plugin-dts@0.27.14", "", { "dependencies": { "dts-resolver": "^3.0.0", "get-tsconfig": "5.0.0-beta.5", "obug": "^2.1.4", "yuku-ast": "^0.8.0", "yuku-codegen": "^0.8.0", "yuku-parser": "^0.8.0" }, "peerDependencies": { "@typescript/native-preview": "*", "@volar/typescript": "~2.4.0", "rolldown": "^1.0.0", "typescript": "^5.0.0 || ^6.0.0 || ~7.0.0", "vue-tsc": "~3.2.0 || ~3.3.0" }, "optionalPeers": ["@typescript/native-preview", "@volar/typescript", "typescript", "vue-tsc"] }, "sha512-ZvuDDwoIpRK9RPxDXratCpklFO9QZZWndf/sd0VBFb4LEj0jj07UcHK9OCh7V4XiFz2Z89ziyBC2K6tJiDjrbw=="],

    "sisteransi": ["sisteransi@1.0.5", "", {}, "sha512-bLGGlR1QxBcynn2d5YmDX4MGjlZvy2MRBDRNHLJ8VI6l6+9FUiyTFNJ0IveOSP0bcXgVDPRcfGqA0pjaqUpfVg=="],

    "split2": ["split2@4.2.0", "", {}, "sha512-UcjcJOWknrNkF6PLX83qcHM6KHgVKNkV62Y8a5uYDVv9ydGQVwAHMKqHdJje1VTWpljG0WYpCDhrCdAOYH4TWg=="],

    "string-width": ["string-width@8.3.0", "", { "dependencies": { "get-east-asian-width": "^1.5.0", "strip-ansi": "^7.1.2" } }, "sha512-ZbmZM0JCihQN91dWnxoipT2KOEyHqEyfRXUyjuRhW8b/xnqPDoq4gWEVApTVa9db2wN8mmoikgFBbjh71+cGeQ=="],

    "strip-ansi": ["strip-ansi@7.2.0", "", { "dependencies": { "ansi-regex": "^6.2.2" } }, "sha512-yDPMNjp4WyfYBkHnjIRLfca1i6KMyGCtsVgoKe/z1+6vukgaENdgGBZt+ZmKPc4gavvEZ5OgHfHdrazhgNyG7w=="],

    "temporal-polyfill": ["temporal-polyfill@1.0.5", "", { "dependencies": { "temporal-spec": "1.0.1", "temporal-utils": "1.0.3" } }, "sha512-+H/mmY74i6wXCMcjIhGuSnODcyZnc4eois2myhOyX0UqRAKNXQY5m9iB1en5jQ/n4SXtjLXo1ElBI5bmn8tZwQ=="],

    "temporal-spec": ["temporal-spec@1.0.1", "", {}, "sha512-wxVoanmDeavXie1vu2JaQ3WIc3JZnWAOYFBsJyATaVsXsycKYUflGsyBmrRSnoCpZJpwPyr38VpgSUlQ8CbFxg=="],

    "temporal-utils": ["temporal-utils@1.0.3", "", {}, "sha512-9jbTSX3HvkOWvDpNpFzwX/d1mkCrgQgwLmVTOEiuocZGKHsrQJtttGZFmybJ2zYP5zCSZuU5ZyeS8+eOEPABiQ=="],

    "tinyexec": ["tinyexec@1.3.1", "", {}, "sha512-GCvB3aoys96IuDFBMcTB46JOR6mdMtAToqwiW8JlWhsoh1mhHi/xn9ss/Dg7N555GiJyEt2qzoG/NHCwM6h1EA=="],

    "tinyglobby": ["tinyglobby@0.2.17", "", { "dependencies": { "fdir": "^6.5.0", "picomatch": "^4.0.4" } }, "sha512-wXR/dYpcqKmfWpEdZjiKJOwCNFndD0DMnrW/cYjVGttEkBfVgcLFHoNrlj47mjOVic9yyNu65alsgF4NQyTa2g=="],

    "tree-kill": ["tree-kill@1.2.2", "", { "bin": { "tree-kill": "cli.js" } }, "sha512-L0Orpi8qGpRG//Nd+H90vFB+3iHnue1zSSGmNOOCh1GLJ7rUKVwV2HvijphGQS2UmhUZewS9VgvxYIdgr+fG1A=="],

    "ts-toolbelt": ["ts-toolbelt@9.6.0", "", {}, "sha512-nsZd8ZeNUzukXPlJmTBwUAuABDe/9qtVDelJeT/qW0ow3ZS3BsQJtNkan1802aM9Uf68/Y8ljw86Hu0h5IUW3w=="],

    "tsdown": ["tsdown@0.22.14", "", { "dependencies": { "ansis": "^4.3.1", "cac": "^7.0.0", "defu": "^6.1.7", "empathic": "^2.0.1", "hookable": "^6.1.1", "import-without-cache": "^0.4.0", "obug": "^2.1.4", "picomatch": "^4.0.5", "rolldown": "~1.2.0", "rolldown-plugin-dts": "^0.27.13", "tinyexec": "^1.2.4", "tinyglobby": "^0.2.17", "tree-kill": "^1.2.2", "unconfig-core": "^7.5.0", "verkit": "^0.3.0" }, "peerDependencies": { "@arethetypeswrong/core": "^0.18.1", "@tsdown/css": "0.22.14", "@tsdown/exe": "0.22.14", "@vitejs/devtools": "*", "publint": "^0.3.8", "tsx": "*", "typescript": "^5.0.0 || ^6.0.0 || ^7.0.0", "unplugin-unused": "^0.5.0", "unrun": "*" }, "optionalPeers": ["@arethetypeswrong/core", "@tsdown/css", "@tsdown/exe", "@vitejs/devtools", "publint", "tsx", "typescript", "unplugin-unused", "unrun"], "bin": { "tsdown": "./dist/run.mjs" } }, "sha512-ule7Y+fsAN2iZbLDoo7C4KYljFJNJJ+fLshyn+9gozeTspVersWHxwdGB+Dm2hzA38s6muFnUTl0jK3vJm9ifQ=="],

    "typanion": ["typanion@3.14.0", "", {}, "sha512-ZW/lVMRabETuYCd9O9ZvMhAh8GslSqaUjxmK/JLPCh6l73CvLBiuXswj/+7LdnWOgYsQ130FqLzFz5aGT4I3Ug=="],

    "typescript": ["typescript@5.9.3", "", { "bin": { "tsc": "bin/tsc", "tsserver": "bin/tsserver" } }, "sha512-jl1vZzPDinLr9eUt3J/t7V6FgNEw9QjvBPdysz9KfQDD41fQrC2Y4vKQdiaUpFT4bXlb1RHhLpp8wtm6M5TgSw=="],

    "unconfig-core": ["unconfig-core@7.5.0", "", { "dependencies": { "@quansync/fs": "^1.0.0", "quansync": "^1.0.0" } }, "sha512-Su3FauozOGP44ZmKdHy2oE6LPjk51M/TRRjHv2HNCWiDvfvCoxC2lno6jevMA91MYAdCdwP05QnWdWpSbncX/w=="],

    "undici-types": ["undici-types@7.24.6", "", {}, "sha512-WRNW+sJgj5OBN4/0JpHFqtqzhpbnV0GuB+OozA9gCL7a993SmU+1JBZCzLNxYsbMfIeDL+lTsphD5jN5N+n0zg=="],

    "uniku": ["uniku@0.5.0", "", { "dependencies": { "@noble/hashes": "^2.2.0" } }, "sha512-giSrg7xqM5YWkSlyheulHgTTInhYh/m0cFZOOuChi/TO87hKlxmZLllETlvDw/lPB54NIs1iW/x2rr0y2yFXHg=="],

    "verkit": ["verkit@0.3.2", "", {}, "sha512-zj/ob3UsvJGN0whEAKFp53REA5X66hvffVqoCtVQAakJKnKlH+/PcOfMoFwIG/o4rElqLv/ycAFlx8ZlXUorCg=="],

    "vscode-jsonrpc": ["vscode-jsonrpc@9.0.1", "", {}, "sha512-rfuA6T75H6m5EkbhtEPzre9pT0HPcDI2MMy4+nPFIBks5J8JBAUHD4tRYSgaBOijIEC7SRkC1kKyXTLqbmh9jw=="],

    "vscode-languageserver": ["vscode-languageserver@10.1.0", "", { "dependencies": { "vscode-languageserver-protocol": "3.18.2" }, "bin": { "installServerIntoExtension": "bin/installServerIntoExtension" } }, "sha512-9gEWpXkYGXoqG7pBnE8O8hx/yP7+Aabn4+peQ3KDicQv6qunHSWyLTud3OF0w4S2+HfDD+5HqYKiXQW9HAU6mA=="],

    "vscode-languageserver-protocol": ["vscode-languageserver-protocol@3.18.2", "", { "dependencies": { "vscode-jsonrpc": "9.0.1", "vscode-languageserver-types": "3.18.0" } }, "sha512-XRyDbT0Pp3sSNti3JmxVEUMySWCSi1hhM+/KUlCy1hV1zmrqpM1OwO12EAki8blhmLuIMpaJrYbo0OzGVfK2Qg=="],

    "vscode-languageserver-textdocument": ["vscode-languageserver-textdocument@1.0.12", "", {}, "sha512-cxWNPesCnQCcMPeenjKKsOCKQZ/L6Tv19DTRIGuLWe32lyzWhihGVJ/rcckZXJxfdKCFvRLS3fpBIsV/ZGX4zA=="],

    "vscode-languageserver-types": ["vscode-languageserver-types@3.18.0", "", {}, "sha512-8TsGPNMIMiiBdkORgRSvLjuiEIiAFtO+KssmYWxQ+uSVvlf7RjK8YKCOjPzZ+YA04jXEV7+7LvkSmHkhpNS99g=="],

    "wrap-ansi": ["wrap-ansi@10.0.2", "", { "dependencies": { "ansi-styles": "^6.2.3", "string-width": "^8.2.0" } }, "sha512-6OLRNZqRntVGBm26ghZ5eZhCuWWyOkRCSn8XsOIuq5stpCE/tjLbdozd93naILZig0lmD8ANfRwnhn0DLeXGlg=="],

    "xtend": ["xtend@4.0.2", "", {}, "sha512-LKYU1iAXJXUgAXn9URjiu+MWhyUXHsvfp7mcuYm9dSUKK0/CjtrUwFAxD82/mCWbtLsGjFIad0wIsod4zrTAEQ=="],

    "yuku-ast": ["yuku-ast@0.8.7", "", { "dependencies": { "@yuku-toolchain/types": "^0.8.7" } }, "sha512-h6+4bDfyootiMB9vckk5uKo5r5j0GHrkr17FQTDNfEsFT3DWlN9uu1HJwQwc64pgmLCI945fWM3lbTIqxjT3GQ=="],

    "yuku-codegen": ["yuku-codegen@0.8.7", "", { "dependencies": { "@yuku-toolchain/types": "^0.8.7" }, "optionalDependencies": { "@yuku-codegen/binding-android-arm64": "0.8.7", "@yuku-codegen/binding-darwin-arm64": "0.8.7", "@yuku-codegen/binding-darwin-x64": "0.8.7", "@yuku-codegen/binding-freebsd-x64": "0.8.7", "@yuku-codegen/binding-linux-arm-gnu": "0.8.7", "@yuku-codegen/binding-linux-arm-musl": "0.8.7", "@yuku-codegen/binding-linux-arm64-gnu": "0.8.7", "@yuku-codegen/binding-linux-arm64-musl": "0.8.7", "@yuku-codegen/binding-linux-x64-gnu": "0.8.7", "@yuku-codegen/binding-linux-x64-musl": "0.8.7", "@yuku-codegen/binding-win32-arm64": "0.8.7", "@yuku-codegen/binding-win32-x64": "0.8.7" } }, "sha512-adwDZSh8oVDzhE6Du9PwVWxcOxeV0e2EVhUuMKWfhSY4wkrDq9eqixlxFF3l/XGUV1E7UFzhpz9393MUumkyNw=="],

    "yuku-parser": ["yuku-parser@0.8.7", "", { "dependencies": { "@yuku-toolchain/types": "^0.8.7", "yuku-ast": "^0.8.7" }, "optionalDependencies": { "@yuku-parser/binding-android-arm64": "0.8.7", "@yuku-parser/binding-darwin-arm64": "0.8.7", "@yuku-parser/binding-darwin-x64": "0.8.7", "@yuku-parser/binding-freebsd-x64": "0.8.7", "@yuku-parser/binding-linux-arm-gnu": "0.8.7", "@yuku-parser/binding-linux-arm-musl": "0.8.7", "@yuku-parser/binding-linux-arm64-gnu": "0.8.7", "@yuku-parser/binding-linux-arm64-musl": "0.8.7", "@yuku-parser/binding-linux-x64-gnu": "0.8.7", "@yuku-parser/binding-linux-x64-musl": "0.8.7", "@yuku-parser/binding-win32-arm64": "0.8.7", "@yuku-parser/binding-win32-x64": "0.8.7" } }, "sha512-vRD9nwt4L3aYpxNqeSC4WqLv58xrXef0Ong1Mc45CTXTIpvLafx7JO05sczmQZwdLEZvywrLOGdNC5+Rp5N1BQ=="],

    "@prisma/cli-engine/arktype": ["arktype@2.2.3", "", { "dependencies": { "@ark/schema": "0.56.2", "@ark/util": "0.56.2", "arkregex": "0.0.8" } }, "sha512-7W+0RLTUNJiBFIIZXwOQxSR8Z273IAd6IvqBeG9+gHnQKFsIx2C0iOtGTmMrPnlX4qLXyc5+ll7A0BIj9WrbTg=="],

    "@prisma/orm-target-postgres/@types/node": ["@types/node@26.1.2", "", { "dependencies": { "undici-types": "~8.3.0" } }, "sha512-Vu4a5UFA9rIIFJ7rB/Vaafh9lrCQszopTCx6KjFboXTGQbPNasehVR5TEiithSDGyd1DEiUByggTZsg8jukeIg=="],

    "@types/pg/@types/node": ["@types/node@26.6.3", "", { "dependencies": { "undici-types": "~8.9.0" } }, "sha512-dsqMQQoeTLqu9wynDD00q573mNzso3IdQOAfHRJqLCcmCFPoGo9A1bDpUcv/9tnKpErQWv9uKeGfl37EIS02Yg=="],

    "bun-types/@types/node": ["@types/node@26.6.3", "", { "dependencies": { "undici-types": "~8.9.0" } }, "sha512-dsqMQQoeTLqu9wynDD00q573mNzso3IdQOAfHRJqLCcmCFPoGo9A1bDpUcv/9tnKpErQWv9uKeGfl37EIS02Yg=="],

    "pkg-types/confbox": ["confbox@0.3.1", "", {}, "sha512-cKUSoKa8YxFZZSmraVi7onONx3amu77ngK3kGpsYHDH7drPwCRkQE1RYMPlLRrMtnciRj274XNRxcHxnKmDSnA=="],

    "@prisma/cli-engine/arktype/@ark/schema": ["@ark/schema@0.56.2", "", { "dependencies": { "@ark/util": "0.56.2" } }, "sha512-Qx4D2JFbBWpntiHZaTv7bGG4H/M2rigiknezKg/WVyDSaLdE4YCcWAOoFB7pjjDqHbbV2OqRfntm1nnXvwMexg=="],

    "@prisma/cli-engine/arktype/@ark/util": ["@ark/util@0.56.2", "", {}, "sha512-9kU2sUE38FZEGG7l3hamYMBieLYEJh2L1mrYD2eXpT+78EnQSV1bhjxJhnxGBMSTbtwpBSDNSK+K60WvaI/DTQ=="],

    "@prisma/cli-engine/arktype/arkregex": ["arkregex@0.0.8", "", { "dependencies": { "@ark/util": "0.56.2" } }, "sha512-PJcx6G1kQTgLKPUbeYlYecDRaKq15AMSGVajlKFYWlPeJRQL+j3dKE6tyMs40HZ99djS1l9Vhl3ezAHy9JBIqQ=="],

    "@prisma/orm-target-postgres/@types/node/undici-types": ["undici-types@8.3.0", "", {}, "sha512-j375ScV60dom+YkPFIfTLcOiPxkN/buHz5GobjLhixFuANaNs3C9l4GmrWqejgXWJ7BbJcFYpTEUkS1Ge8bpZQ=="],

    "@types/pg/@types/node/undici-types": ["undici-types@8.9.0", "", {}, "sha512-KTDyRTYX8sWmKXAikPHHSyc63CRPETMctyjKFupcC6OBLXT3xsN0e9aF7m+mIXutFWpUXuedtowG7iLOzp0kQg=="],

    "bun-types/@types/node/undici-types": ["undici-types@8.9.0", "", {}, "sha512-KTDyRTYX8sWmKXAikPHHSyc63CRPETMctyjKFupcC6OBLXT3xsN0e9aF7m+mIXutFWpUXuedtowG7iLOzp0kQg=="],
  }
}
